
Microsoft Visual Studio Solution File, Format Version 12.00
Project("{FAE04EC0-301F-11D3-BF4B-00C04F79EFBC}") = "HW1_3", "HW1_3\HW1_3.csproj", "{385681C5-D138-45A2-9C92-6C27BCB79A06}"
EndProject
Global
	GlobalSection(SolutionConfigurationPlatforms) = preSolution
		Debug|Any CPU = Debug|Any CPU
		Release|Any CPU = Release|Any CPU
	EndGlobalSection
	GlobalSection(ProjectConfigurationPlatforms) = postSolution
		{385681C5-D138-45A2-9C92-6C27BCB79A06}.Debug|Any CPU.ActiveCfg = Debug|Any CPU
		{385681C5-D138-45A2-9C92-6C27BCB79A06}.Debug|Any CPU.Build.0 = Debug|Any CPU
		{385681C5-D138-45A2-9C92-6C27BCB79A06}.Release|Any CPU.ActiveCfg = Release|Any CPU
		{385681C5-D138-45A2-9C92-6C27BCB79A06}.Release|Any CPU.Build.0 = Release|Any CPU
	EndGlobalSection
EndGlobal
